
Microsoft Visual Studio Solution File, Format Version 12.00
# Visual Studio Version 16
VisualStudioVersion = 16.0.28315.86
MinimumVisualStudioVersion = 10.0.40219.1
Project("{2150E333-8FDC-42A3-9474-1A3956D46DE8}") = "Engine", "Engine", "{EB4933A4-1B72-48E9-B665-52B01E37E83B}"
EndProject
Project("{2150E333-8FDC-42A3-9474-1A3956D46DE8}") = "Games", "Games", "{9D98E824-F9CD-4029-BEAA-89A179858DB1}"
EndProject
Project("{8BC9CEB8-8B4A-11D0-8D11-00A0C91BC942}") = "UE4", "Intermediate\ProjectFiles\UE4.vcxproj", "{268E66D8-C5F5-4978-8AD7-0C00CE85C4C1}"
EndProject
Project("{8BC9CEB8-8B4A-11D0-8D11-00A0C91BC942}") = "DiveDown", "Intermediate\ProjectFiles\DiveDown.vcxproj", "{87CCAAF7-4DCB-4F16-9BDC-213619E59D58}"
EndProject
Project("{2150E333-8FDC-42A3-9474-1A3956D46DE8}") = "Visualizers", "Visualizers", "{8A104400-35BF-4ADB-8530-19D840BBCF87}"
	ProjectSection(SolutionItems) = preProject
		..\..\Program Files (x86)\UE_4.24\Engine\Extras\VisualStudioDebugging\UE4.natvis = ..\..\Program Files (x86)\UE_4.24\Engine\Extras\VisualStudioDebugging\UE4.natvis
	EndProjectSection
EndProject
Global
	GlobalSection(SolutionConfigurationPlatforms) = preSolution
		DebugGame Editor|Win32 = DebugGame Editor|Win32
		DebugGame Editor|Win64 = DebugGame Editor|Win64
		DebugGame|Win32 = DebugGame|Win32
		DebugGame|Win64 = DebugGame|Win64
		Development Editor|Win32 = Development Editor|Win32
		Development Editor|Win64 = Development Editor|Win64
		Development|Win32 = Development|Win32
		Development|Win64 = Development|Win64
		Shipping|Win32 = Shipping|Win32
		Shipping|Win64 = Shipping|Win64
	EndGlobalSection
	GlobalSection(ProjectConfigurationPlatforms) = postSolution
		{268E66D8-C5F5-4978-8AD7-0C00CE85C4C1}.DebugGame Editor|Win32.ActiveCfg = BuiltWithUnrealBuildTool|Win32
		{268E66D8-C5F5-4978-8AD7-0C00CE85C4C1}.DebugGame Editor|Win64.ActiveCfg = BuiltWithUnrealBuildTool|Win32
		{268E66D8-C5F5-4978-8AD7-0C00CE85C4C1}.DebugGame|Win32.ActiveCfg = BuiltWithUnrealBuildTool|Win32
		{268E66D8-C5F5-4978-8AD7-0C00CE85C4C1}.DebugGame|Win64.ActiveCfg = BuiltWithUnrealBuildTool|Win32
		{268E66D8-C5F5-4978-8AD7-0C00CE85C4C1}.Development Editor|Win32.ActiveCfg = BuiltWithUnrealBuildTool|Win32
		{268E66D8-C5F5-4978-8AD7-0C00CE85C4C1}.Development Editor|Win64.ActiveCfg = BuiltWithUnrealBuildTool|Win32
		{268E66D8-C5F5-4978-8AD7-0C00CE85C4C1}.Development|Win32.ActiveCfg = BuiltWithUnrealBuildTool|Win32
		{268E66D8-C5F5-4978-8AD7-0C00CE85C4C1}.Development|Win64.ActiveCfg = BuiltWithUnrealBuildTool|Win32
		{268E66D8-C5F5-4978-8AD7-0C00CE85C4C1}.Shipping|Win32.ActiveCfg = BuiltWithUnrealBuildTool|Win32
		{268E66D8-C5F5-4978-8AD7-0C00CE85C4C1}.Shipping|Win64.ActiveCfg = BuiltWithUnrealBuildTool|Win32
		{87CCAAF7-4DCB-4F16-9BDC-213619E59D58}.DebugGame Editor|Win32.ActiveCfg = Invalid|Win32
		{87CCAAF7-4DCB-4F16-9BDC-213619E59D58}.DebugGame Editor|Win64.ActiveCfg = DebugGame_Editor|x64
		{87CCAAF7-4DCB-4F16-9BDC-213619E59D58}.DebugGame Editor|Win64.Build.0 = DebugGame_Editor|x64
		{87CCAAF7-4DCB-4F16-9BDC-213619E59D58}.DebugGame|Win32.ActiveCfg = DebugGame|Win32
		{87CCAAF7-4DCB-4F16-9BDC-213619E59D58}.DebugGame|Win32.Build.0 = DebugGame|Win32
		{87CCAAF7-4DCB-4F16-9BDC-213619E59D58}.DebugGame|Win64.ActiveCfg = DebugGame|x64
		{87CCAAF7-4DCB-4F16-9BDC-213619E59D58}.DebugGame|Win64.Build.0 = DebugGame|x64
		{87CCAAF7-4DCB-4F16-9BDC-213619E59D58}.Development Editor|Win32.ActiveCfg = Invalid|Win32
		{87CCAAF7-4DCB-4F16-9BDC-213619E59D58}.Development Editor|Win64.ActiveCfg = Development_Editor|x64
		{87CCAAF7-4DCB-4F16-9BDC-213619E59D58}.Development Editor|Win64.Build.0 = Development_Editor|x64
		{87CCAAF7-4DCB-4F16-9BDC-213619E59D58}.Development|Win32.ActiveCfg = Development|Win32
		{87CCAAF7-4DCB-4F16-9BDC-213619E59D58}.Development|Win32.Build.0 = Development|Win32
		{87CCAAF7-4DCB-4F16-9BDC-213619E59D58}.Development|Win64.ActiveCfg = Development|x64
		{87CCAAF7-4DCB-4F16-9BDC-213619E59D58}.Development|Win64.Build.0 = Development|x64
		{87CCAAF7-4DCB-4F16-9BDC-213619E59D58}.Shipping|Win32.ActiveCfg = Shipping|Win32
		{87CCAAF7-4DCB-4F16-9BDC-213619E59D58}.Shipping|Win32.Build.0 = Shipping|Win32
		{87CCAAF7-4DCB-4F16-9BDC-213619E59D58}.Shipping|Win64.ActiveCfg = Shipping|x64
		{87CCAAF7-4DCB-4F16-9BDC-213619E59D58}.Shipping|Win64.Build.0 = Shipping|x64
	EndGlobalSection
	GlobalSection(SolutionProperties) = preSolution
		HideSolutionNode = FALSE
	EndGlobalSection
	GlobalSection(NestedProjects) = preSolution
		{268E66D8-C5F5-4978-8AD7-0C00CE85C4C1} = {EB4933A4-1B72-48E9-B665-52B01E37E83B}
		{87CCAAF7-4DCB-4F16-9BDC-213619E59D58} = {9D98E824-F9CD-4029-BEAA-89A179858DB1}
	EndGlobalSection
	GlobalSection(ExtensibilityGlobals) = postSolution
		SolutionGuid = {E2798E09-173E-4FBF-9D5A-7F5CAED6D8D9}
	EndGlobalSection
EndGlobal
